
Microsoft Visual Studio Solution File, Format Version 12.00
# Visual Studio Version 17
VisualStudioVersion = 17.7.34031.279
MinimumVisualStudioVersion = 10.0.40219.1
Project("{FAE04EC0-301F-11D3-BF4B-00C04F79EFBC}") = "Delegates_Lambas_Events", "Delegates_Lambas_Events.csproj", "{901A812E-3282-4E48-8B22-3C127AD757DA}"
EndProject
Global
	GlobalSection(SolutionConfigurationPlatforms) = preSolution
		Debug|Any CPU = Debug|Any CPU
		Release|Any CPU = Release|Any CPU
	EndGlobalSection
	GlobalSection(ProjectConfigurationPlatforms) = postSolution
		{901A812E-3282-4E48-8B22-3C127AD757DA}.Debug|Any CPU.ActiveCfg = Debug|Any CPU
		{901A812E-3282-4E48-8B22-3C127AD757DA}.Debug|Any CPU.Build.0 = Debug|Any CPU
		{901A812E-3282-4E48-8B22-3C127AD757DA}.Release|Any CPU.ActiveCfg = Release|Any CPU
		{901A812E-3282-4E48-8B22-3C127AD757DA}.Release|Any CPU.Build.0 = Release|Any CPU
	EndGlobalSection
	GlobalSection(SolutionProperties) = preSolution
		HideSolutionNode = FALSE
	EndGlobalSection
	GlobalSection(ExtensibilityGlobals) = postSolution
		SolutionGuid = {E011E550-E92A-4560-8689-232133FF6FF6}
	EndGlobalSection
EndGlobal
